// !$*UTF8*$!
{
	archiveVersion = 1;
	classes = {
	};
	objectVersion = 56;
	objects = {

/* Begin PBXBuildFile section */
		090CF4532AE036A300675CF6 /* ResultSessionView.swift in Sources */ = {isa = PBXBuildFile; fileRef = 090CF4522AE036A300675CF6 /* ResultSessionView.swift */; };
		09424BA92AEBEC0800E3553D /* DateExtension.swift in Sources */ = {isa = PBXBuildFile; fileRef = 09424BA82AEBEC0800E3553D /* DateExtension.swift */; };
		09424BAB2AEBEC3700E3553D /* DailyStreakViewModel.swift in Sources */ = {isa = PBXBuildFile; fileRef = 09424BAA2AEBEC3700E3553D /* DailyStreakViewModel.swift */; };
		32433BF72AE47807004D573A /* CircularProgressView.swift in Sources */ = {isa = PBXBuildFile; fileRef = 32433BF62AE47807004D573A /* CircularProgressView.swift */; };
		32630E412ADED57E00AF5C09 /* TheZooitApp.swift in Sources */ = {isa = PBXBuildFile; fileRef = 32630E402ADED57E00AF5C09 /* TheZooitApp.swift */; };
		32630E432ADED57E00AF5C09 /* ContentView.swift in Sources */ = {isa = PBXBuildFile; fileRef = 32630E422ADED57E00AF5C09 /* ContentView.swift */; };
		32630E452ADED57F00AF5C09 /* Assets.xcassets in Resources */ = {isa = PBXBuildFile; fileRef = 32630E442ADED57F00AF5C09 /* Assets.xcassets */; };
		32630E482ADED57F00AF5C09 /* Preview Assets.xcassets in Resources */ = {isa = PBXBuildFile; fileRef = 32630E472ADED57F00AF5C09 /* Preview Assets.xcassets */; };
		32630E502ADF19BD00AF5C09 /* MainView.swift in Sources */ = {isa = PBXBuildFile; fileRef = 32630E4F2ADF19BD00AF5C09 /* MainView.swift */; };
		32630E632AE2B2B900AF5C09 /* TimerViewModel.swift in Sources */ = {isa = PBXBuildFile; fileRef = 32630E622AE2B2B900AF5C09 /* TimerViewModel.swift */; };
		32630E662AE2B90500AF5C09 /* IntExtension.swift in Sources */ = {isa = PBXBuildFile; fileRef = 32630E652AE2B90500AF5C09 /* IntExtension.swift */; };
		32B23FEB2AE6C7F8002117EB /* TimerPickerView.swift in Sources */ = {isa = PBXBuildFile; fileRef = 32B23FEA2AE6C7F8002117EB /* TimerPickerView.swift */; };
		32B23FED2AEAF302002117EB /* SessionModel.swift in Sources */ = {isa = PBXBuildFile; fileRef = 32B23FEC2AEAF302002117EB /* SessionModel.swift */; };
		32B23FF02AED8322002117EB /* MusicView.swift in Sources */ = {isa = PBXBuildFile; fileRef = 32B23FEF2AED8322002117EB /* MusicView.swift */; };
		32B23FF22AED85FD002117EB /* SongModel.swift in Sources */ = {isa = PBXBuildFile; fileRef = 32B23FF12AED85FD002117EB /* SongModel.swift */; };
		32B23FF62AED8A59002117EB /* MusicViewModel.swift in Sources */ = {isa = PBXBuildFile; fileRef = 32B23FF52AED8A59002117EB /* MusicViewModel.swift */; };
		32B23FFA2AED96A2002117EB /* lofi-study-112191.mp3 in Resources */ = {isa = PBXBuildFile; fileRef = 32B23FF92AED96A2002117EB /* lofi-study-112191.mp3 */; };
		32B23FFC2AED96A9002117EB /* morning-garden-acoustic-chill-15013.mp3 in Resources */ = {isa = PBXBuildFile; fileRef = 32B23FFB2AED96A9002117EB /* morning-garden-acoustic-chill-15013.mp3 */; };
		32B23FFE2AED96AE002117EB /* once-in-paris-168895.mp3 in Resources */ = {isa = PBXBuildFile; fileRef = 32B23FFD2AED96AE002117EB /* once-in-paris-168895.mp3 */; };
		32B240022AED96C4002117EB /* soft-rain-ambient-111154.mp3 in Resources */ = {isa = PBXBuildFile; fileRef = 32B240012AED96C4002117EB /* soft-rain-ambient-111154.mp3 */; };
		32B240042AED96CA002117EB /* scary-forest-90162.mp3 in Resources */ = {isa = PBXBuildFile; fileRef = 32B240032AED96CA002117EB /* scary-forest-90162.mp3 */; };
		32B240062AED96CC002117EB /* the-cradle-of-your-soul-15700.mp3 in Resources */ = {isa = PBXBuildFile; fileRef = 32B240052AED96CC002117EB /* the-cradle-of-your-soul-15700.mp3 */; };
		32B240082AED96D1002117EB /* random-thoughts-20586.mp3 in Resources */ = {isa = PBXBuildFile; fileRef = 32B240072AED96D1002117EB /* random-thoughts-20586.mp3 */; };
		32B240092AED96F1002117EB /* ambient-piano-ampamp-strings-10711.mp3 in Resources */ = {isa = PBXBuildFile; fileRef = 32B23FF72AED9529002117EB /* ambient-piano-ampamp-strings-10711.mp3 */; };
		32B240122AED97BE002117EB /* piano-moment-9835.mp3 in Resources */ = {isa = PBXBuildFile; fileRef = 32B240112AED97B7002117EB /* piano-moment-9835.mp3 */; };
		32EFCEC22AEDAD4A00C57555 /* price-of-freedom-33106.mp3 in Resources */ = {isa = PBXBuildFile; fileRef = 32B240142AED97E1002117EB /* price-of-freedom-33106.mp3 */; };
		32EFCEC82AEDC01900C57555 /* Frog_sound.mp3 in Resources */ = {isa = PBXBuildFile; fileRef = 32EFCEC72AEDC01900C57555 /* Frog_sound.mp3 */; };
/* End PBXBuildFile section */

/* Begin PBXFileReference section */
		090CF4522AE036A300675CF6 /* ResultSessionView.swift */ = {isa = PBXFileReference; lastKnownFileType = sourcecode.swift; path = ResultSessionView.swift; sourceTree = "<group>"; };
		09424BA82AEBEC0800E3553D /* DateExtension.swift */ = {isa = PBXFileReference; lastKnownFileType = sourcecode.swift; path = DateExtension.swift; sourceTree = "<group>"; };
		09424BAA2AEBEC3700E3553D /* DailyStreakViewModel.swift */ = {isa = PBXFileReference; lastKnownFileType = sourcecode.swift; path = DailyStreakViewModel.swift; sourceTree = "<group>"; };
		32433BF62AE47807004D573A /* CircularProgressView.swift */ = {isa = PBXFileReference; lastKnownFileType = sourcecode.swift; path = CircularProgressView.swift; sourceTree = "<group>"; };
		32630E3D2ADED57E00AF5C09 /* TheZooit.app */ = {isa = PBXFileReference; explicitFileType = wrapper.application; includeInIndex = 0; path = TheZooit.app; sourceTree = BUILT_PRODUCTS_DIR; };
		32630E402ADED57E00AF5C09 /* TheZooitApp.swift */ = {isa = PBXFileReference; lastKnownFileType = sourcecode.swift; path = TheZooitApp.swift; sourceTree = "<group>"; };
		32630E422ADED57E00AF5C09 /* ContentView.swift */ = {isa = PBXFileReference; lastKnownFileType = sourcecode.swift; path = ContentView.swift; sourceTree = "<group>"; };
		32630E442ADED57F00AF5C09 /* Assets.xcassets */ = {isa = PBXFileReference; lastKnownFileType = folder.assetcatalog; path = Assets.xcassets; sourceTree = "<group>"; };
		32630E472ADED57F00AF5C09 /* Preview Assets.xcassets */ = {isa = PBXFileReference; lastKnownFileType = folder.assetcatalog; path = "Preview Assets.xcassets"; sourceTree = "<group>"; };
		32630E4F2ADF19BD00AF5C09 /* MainView.swift */ = {isa = PBXFileReference; lastKnownFileType = sourcecode.swift; path = MainView.swift; sourceTree = "<group>"; };
		32630E582ADF279F00AF5C09 /* Info.plist */ = {isa = PBXFileReference; lastKnownFileType = text.plist; path = Info.plist; sourceTree = "<group>"; };
		32630E622AE2B2B900AF5C09 /* TimerViewModel.swift */ = {isa = PBXFileReference; lastKnownFileType = sourcecode.swift; path = TimerViewModel.swift; sourceTree = "<group>"; };
		32630E652AE2B90500AF5C09 /* IntExtension.swift */ = {isa = PBXFileReference; lastKnownFileType = sourcecode.swift; path = IntExtension.swift; sourceTree = "<group>"; };
		32B23FEA2AE6C7F8002117EB /* TimerPickerView.swift */ = {isa = PBXFileReference; lastKnownFileType = sourcecode.swift; path = TimerPickerView.swift; sourceTree = "<group>"; };
		32B23FEC2AEAF302002117EB /* SessionModel.swift */ = {isa = PBXFileReference; lastKnownFileType = sourcecode.swift; path = SessionModel.swift; sourceTree = "<group>"; };
		32B23FEF2AED8322002117EB /* MusicView.swift */ = {isa = PBXFileReference; lastKnownFileType = sourcecode.swift; path = MusicView.swift; sourceTree = "<group>"; };
		32B23FF12AED85FD002117EB /* SongModel.swift */ = {isa = PBXFileReference; lastKnownFileType = sourcecode.swift; path = SongModel.swift; sourceTree = "<group>"; };
		32B23FF52AED8A59002117EB /* MusicViewModel.swift */ = {isa = PBXFileReference; lastKnownFileType = sourcecode.swift; path = MusicViewModel.swift; sourceTree = "<group>"; };
		32B23FF72AED9529002117EB /* ambient-piano-ampamp-strings-10711.mp3 */ = {isa = PBXFileReference; lastKnownFileType = audio.mp3; path = "ambient-piano-ampamp-strings-10711.mp3"; sourceTree = "<group>"; };
		32B23FF92AED96A2002117EB /* lofi-study-112191.mp3 */ = {isa = PBXFileReference; lastKnownFileType = audio.mp3; path = "lofi-study-112191.mp3"; sourceTree = "<group>"; };
		32B23FFB2AED96A9002117EB /* morning-garden-acoustic-chill-15013.mp3 */ = {isa = PBXFileReference; lastKnownFileType = audio.mp3; path = "morning-garden-acoustic-chill-15013.mp3"; sourceTree = "<group>"; };
		32B23FFD2AED96AE002117EB /* once-in-paris-168895.mp3 */ = {isa = PBXFileReference; lastKnownFileType = audio.mp3; path = "once-in-paris-168895.mp3"; sourceTree = "<group>"; };
		32B240012AED96C4002117EB /* soft-rain-ambient-111154.mp3 */ = {isa = PBXFileReference; lastKnownFileType = audio.mp3; path = "soft-rain-ambient-111154.mp3"; sourceTree = "<group>"; };
		32B240032AED96CA002117EB /* scary-forest-90162.mp3 */ = {isa = PBXFileReference; lastKnownFileType = audio.mp3; path = "scary-forest-90162.mp3"; sourceTree = "<group>"; };
		32B240052AED96CC002117EB /* the-cradle-of-your-soul-15700.mp3 */ = {isa = PBXFileReference; lastKnownFileType = audio.mp3; path = "the-cradle-of-your-soul-15700.mp3"; sourceTree = "<group>"; };
		32B240072AED96D1002117EB /* random-thoughts-20586.mp3 */ = {isa = PBXFileReference; lastKnownFileType = audio.mp3; path = "random-thoughts-20586.mp3"; sourceTree = "<group>"; };
		32B240112AED97B7002117EB /* piano-moment-9835.mp3 */ = {isa = PBXFileReference; lastKnownFileType = audio.mp3; path = "piano-moment-9835.mp3"; sourceTree = "<group>"; };
		32B240142AED97E1002117EB /* price-of-freedom-33106.mp3 */ = {isa = PBXFileReference; lastKnownFileType = audio.mp3; path = "price-of-freedom-33106.mp3"; sourceTree = "<group>"; };
		32EFCEC72AEDC01900C57555 /* Frog_sound.mp3 */ = {isa = PBXFileReference; lastKnownFileType = audio.mp3; path = Frog_sound.mp3; sourceTree = "<group>"; };
/* End PBXFileReference section */

/* Begin PBXFrameworksBuildPhase section */
		32630E3A2ADED57E00AF5C09 /* Frameworks */ = {
			isa = PBXFrameworksBuildPhase;
			buildActionMask = 2147483647;
			files = (
			);
			runOnlyForDeploymentPostprocessing = 0;
		};
/* End PBXFrameworksBuildPhase section */

/* Begin PBXGroup section */
		32630E342ADED57E00AF5C09 = {
			isa = PBXGroup;
			children = (
				32630E3F2ADED57E00AF5C09 /* TheZooit */,
				32630E3E2ADED57E00AF5C09 /* Products */,
			);
			sourceTree = "<group>";
		};
		32630E3E2ADED57E00AF5C09 /* Products */ = {
			isa = PBXGroup;
			children = (
				32630E3D2ADED57E00AF5C09 /* TheZooit.app */,
			);
			name = Products;
			sourceTree = "<group>";
		};
		32630E3F2ADED57E00AF5C09 /* TheZooit */ = {
			isa = PBXGroup;
			children = (
				32630E642AE2B8F500AF5C09 /* Extensions */,
				32B23FEE2AEAF308002117EB /* Model */,
				32630E4E2ADF19A200AF5C09 /* Views */,
				32630E672AE2B92100AF5C09 /* ViewModels */,
				32B23FE92AE6C7E2002117EB /* Design Components */,
				32630E402ADED57E00AF5C09 /* TheZooitApp.swift */,
				32B240132AED97D0002117EB /* Track List */,
				32630E442ADED57F00AF5C09 /* Assets.xcassets */,
				32630E582ADF279F00AF5C09 /* Info.plist */,
				32630E462ADED57F00AF5C09 /* Preview Content */,
			);
			path = TheZooit;
			sourceTree = "<group>";
		};
		32630E462ADED57F00AF5C09 /* Preview Content */ = {
			isa = PBXGroup;
			children = (
				32630E472ADED57F00AF5C09 /* Preview Assets.xcassets */,
			);
			path = "Preview Content";
			sourceTree = "<group>";
		};
		32630E4E2ADF19A200AF5C09 /* Views */ = {
			isa = PBXGroup;
			children = (
				32630E4F2ADF19BD00AF5C09 /* MainView.swift */,
				32630E422ADED57E00AF5C09 /* ContentView.swift */,
				090CF4522AE036A300675CF6 /* ResultSessionView.swift */,
				32B23FEF2AED8322002117EB /* MusicView.swift */,
			);
			path = Views;
			sourceTree = "<group>";
		};
		32630E642AE2B8F500AF5C09 /* Extensions */ = {
			isa = PBXGroup;
			children = (
				32630E652AE2B90500AF5C09 /* IntExtension.swift */,
				09424BA82AEBEC0800E3553D /* DateExtension.swift */,
			);
			path = Extensions;
			sourceTree = "<group>";
		};
		32630E672AE2B92100AF5C09 /* ViewModels */ = {
			isa = PBXGroup;
			children = (
				09424BAA2AEBEC3700E3553D /* DailyStreakViewModel.swift */,
				32630E622AE2B2B900AF5C09 /* TimerViewModel.swift */,
				32B23FF52AED8A59002117EB /* MusicViewModel.swift */,
			);
			path = ViewModels;
			sourceTree = "<group>";
		};
		32B23FE92AE6C7E2002117EB /* Design Components */ = {
			isa = PBXGroup;
			children = (
				32B23FEA2AE6C7F8002117EB /* TimerPickerView.swift */,
				32433BF62AE47807004D573A /* CircularProgressView.swift */,
			);
			path = "Design Components";
			sourceTree = "<group>";
		};
		32B23FEE2AEAF308002117EB /* Model */ = {
			isa = PBXGroup;
			children = (
				32B23FEC2AEAF302002117EB /* SessionModel.swift */,
				32B23FF12AED85FD002117EB /* SongModel.swift */,
			);
			path = Model;
			sourceTree = "<group>";
		};
		32B240132AED97D0002117EB /* Track List */ = {
			isa = PBXGroup;
			children = (
				32EFCEC72AEDC01900C57555 /* Frog_sound.mp3 */,
				32B240012AED96C4002117EB /* soft-rain-ambient-111154.mp3 */,
				32B23FF92AED96A2002117EB /* lofi-study-112191.mp3 */,
				32B23FFD2AED96AE002117EB /* once-in-paris-168895.mp3 */,
				32B23FFB2AED96A9002117EB /* morning-garden-acoustic-chill-15013.mp3 */,
				32B23FF72AED9529002117EB /* ambient-piano-ampamp-strings-10711.mp3 */,
				32B240072AED96D1002117EB /* random-thoughts-20586.mp3 */,
				32B240052AED96CC002117EB /* the-cradle-of-your-soul-15700.mp3 */,
				32B240032AED96CA002117EB /* scary-forest-90162.mp3 */,
				32B240142AED97E1002117EB /* price-of-freedom-33106.mp3 */,
				32B240112AED97B7002117EB /* piano-moment-9835.mp3 */,
			);
			path = "Track List";
			sourceTree = "<group>";
		};
/* End PBXGroup section */

/* Begin PBXNativeTarget section */
		32630E3C2ADED57E00AF5C09 /* TheZooit */ = {
			isa = PBXNativeTarget;
			buildConfigurationList = 32630E4B2ADED57F00AF5C09 /* Build configuration list for PBXNativeTarget "TheZooit" */;
			buildPhases = (
				32630E392ADED57E00AF5C09 /* Sources */,
				32630E3A2ADED57E00AF5C09 /* Frameworks */,
				32630E3B2ADED57E00AF5C09 /* Resources */,
			);
			buildRules = (
			);
			dependencies = (
			);
			name = TheZooit;
			productName = TheZooit;
			productReference = 32630E3D2ADED57E00AF5C09 /* TheZooit.app */;
			productType = "com.apple.product-type.application";
		};
/* End PBXNativeTarget section */

/* Begin PBXProject section */
		32630E352ADED57E00AF5C09 /* Project object */ = {
			isa = PBXProject;
			attributes = {
				BuildIndependentTargetsInParallel = 1;
				LastSwiftUpdateCheck = 1500;
				LastUpgradeCheck = 1500;
				TargetAttributes = {
					32630E3C2ADED57E00AF5C09 = {
						CreatedOnToolsVersion = 15.0;
					};
				};
			};
			buildConfigurationList = 32630E382ADED57E00AF5C09 /* Build configuration list for PBXProject "TheZooit" */;
			compatibilityVersion = "Xcode 14.0";
			developmentRegion = en;
			hasScannedForEncodings = 0;
			knownRegions = (
				en,
				Base,
			);
			mainGroup = 32630E342ADED57E00AF5C09;
			productRefGroup = 32630E3E2ADED57E00AF5C09 /* Products */;
			projectDirPath = "";
			projectRoot = "";
			targets = (
				32630E3C2ADED57E00AF5C09 /* TheZooit */,
			);
		};
/* End PBXProject section */

/* Begin PBXResourcesBuildPhase section */
		32630E3B2ADED57E00AF5C09 /* Resources */ = {
			isa = PBXResourcesBuildPhase;
			buildActionMask = 2147483647;
			files = (
				32630E482ADED57F00AF5C09 /* Preview Assets.xcassets in Resources */,
				32630E452ADED57F00AF5C09 /* Assets.xcassets in Resources */,
				32B23FFA2AED96A2002117EB /* lofi-study-112191.mp3 in Resources */,
				32B240122AED97BE002117EB /* piano-moment-9835.mp3 in Resources */,
				32B240082AED96D1002117EB /* random-thoughts-20586.mp3 in Resources */,
				32B23FFC2AED96A9002117EB /* morning-garden-acoustic-chill-15013.mp3 in Resources */,
				32B240062AED96CC002117EB /* the-cradle-of-your-soul-15700.mp3 in Resources */,
				32B240092AED96F1002117EB /* ambient-piano-ampamp-strings-10711.mp3 in Resources */,
				32B240022AED96C4002117EB /* soft-rain-ambient-111154.mp3 in Resources */,
				32B240042AED96CA002117EB /* scary-forest-90162.mp3 in Resources */,
				32EFCEC22AEDAD4A00C57555 /* price-of-freedom-33106.mp3 in Resources */,
				32B23FFE2AED96AE002117EB /* once-in-paris-168895.mp3 in Resources */,
				32EFCEC82AEDC01900C57555 /* Frog_sound.mp3 in Resources */,
			);
			runOnlyForDeploymentPostprocessing = 0;
		};
/* End PBXResourcesBuildPhase section */

/* Begin PBXSourcesBuildPhase section */
		32630E392ADED57E00AF5C09 /* Sources */ = {
			isa = PBXSourcesBuildPhase;
			buildActionMask = 2147483647;
			files = (
				32B23FEB2AE6C7F8002117EB /* TimerPickerView.swift in Sources */,
				09424BA92AEBEC0800E3553D /* DateExtension.swift in Sources */,
				32B23FF62AED8A59002117EB /* MusicViewModel.swift in Sources */,
				32630E632AE2B2B900AF5C09 /* TimerViewModel.swift in Sources */,
				32B23FED2AEAF302002117EB /* SessionModel.swift in Sources */,
				09424BAB2AEBEC3700E3553D /* DailyStreakViewModel.swift in Sources */,
				32B23FF22AED85FD002117EB /* SongModel.swift in Sources */,
				090CF4532AE036A300675CF6 /* ResultSessionView.swift in Sources */,
				32630E432ADED57E00AF5C09 /* ContentView.swift in Sources */,
				32630E502ADF19BD00AF5C09 /* MainView.swift in Sources */,
				32630E662AE2B90500AF5C09 /* IntExtension.swift in Sources */,
				32433BF72AE47807004D573A /* CircularProgressView.swift in Sources */,
				32B23FF02AED8322002117EB /* MusicView.swift in Sources */,
				32630E412ADED57E00AF5C09 /* TheZooitApp.swift in Sources */,
			);
			runOnlyForDeploymentPostprocessing = 0;
		};
/* End PBXSourcesBuildPhase section */

/* Begin XCBuildConfiguration section */
		32630E492ADED57F00AF5C09 /* Debug */ = {
			isa = XCBuildConfiguration;
			buildSettings = {
				ALWAYS_SEARCH_USER_PATHS = NO;
				ASSETCATALOG_COMPILER_GENERATE_SWIFT_ASSET_SYMBOL_EXTENSIONS = YES;
				CLANG_ANALYZER_NONNULL = YES;
				CLANG_ANALYZER_NUMBER_OBJECT_CONVERSION = YES_AGGRESSIVE;
				CLANG_CXX_LANGUAGE_STANDARD = "gnu++20";
				CLANG_ENABLE_MODULES = YES;
				CLANG_ENABLE_OBJC_ARC = YES;
				CLANG_ENABLE_OBJC_WEAK = YES;
				CLANG_WARN_BLOCK_CAPTURE_AUTORELEASING = YES;
				CLANG_WARN_BOOL_CONVERSION = YES;
				CLANG_WARN_COMMA = YES;
				CLANG_WARN_CONSTANT_CONVERSION = YES;
				CLANG_WARN_DEPRECATED_OBJC_IMPLEMENTATIONS = YES;
				CLANG_WARN_DIRECT_OBJC_ISA_USAGE = YES_ERROR;
				CLANG_WARN_DOCUMENTATION_COMMENTS = YES;
				CLANG_WARN_EMPTY_BODY = YES;
				CLANG_WARN_ENUM_CONVERSION = YES;
				CLANG_WARN_INFINITE_RECURSION = YES;
				CLANG_WARN_INT_CONVERSION = YES;
				CLANG_WARN_NON_LITERAL_NULL_CONVERSION = YES;
				CLANG_WARN_OBJC_IMPLICIT_RETAIN_SELF = YES;
				CLANG_WARN_OBJC_LITERAL_CONVERSION = YES;
				CLANG_WARN_OBJC_ROOT_CLASS = YES_ERROR;
				CLANG_WARN_QUOTED_INCLUDE_IN_FRAMEWORK_HEADER = YES;
				CLANG_WARN_RANGE_LOOP_ANALYSIS = YES;
				CLANG_WARN_STRICT_PROTOTYPES = YES;
				CLANG_WARN_SUSPICIOUS_MOVE = YES;
				CLANG_WARN_UNGUARDED_AVAILABILITY = YES_AGGRESSIVE;
				CLANG_WARN_UNREACHABLE_CODE = YES;
				CLANG_WARN__DUPLICATE_METHOD_MATCH = YES;
				COPY_PHASE_STRIP = NO;
				DEBUG_INFORMATION_FORMAT = dwarf;
				ENABLE_STRICT_OBJC_MSGSEND = YES;
				ENABLE_TESTABILITY = YES;
				ENABLE_USER_SCRIPT_SANDBOXING = YES;
				GCC_C_LANGUAGE_STANDARD = gnu17;
				GCC_DYNAMIC_NO_PIC = NO;
				GCC_NO_COMMON_BLOCKS = YES;
				GCC_OPTIMIZATION_LEVEL = 0;
				GCC_PREPROCESSOR_DEFINITIONS = (
					"DEBUG=1",
					"$(inherited)",
				);
				GCC_WARN_64_TO_32_BIT_CONVERSION = YES;
				GCC_WARN_ABOUT_RETURN_TYPE = YES_ERROR;
				GCC_WARN_UNDECLARED_SELECTOR = YES;
				GCC_WARN_UNINITIALIZED_AUTOS = YES_AGGRESSIVE;
				GCC_WARN_UNUSED_FUNCTION = YES;
				GCC_WARN_UNUSED_VARIABLE = YES;
				IPHONEOS_DEPLOYMENT_TARGET = 17.0;
				LOCALIZATION_PREFERS_STRING_CATALOGS = YES;
				MTL_ENABLE_DEBUG_INFO = INCLUDE_SOURCE;
				MTL_FAST_MATH = YES;
				ONLY_ACTIVE_ARCH = YES;
				SDKROOT = iphoneos;
				SWIFT_ACTIVE_COMPILATION_CONDITIONS = "DEBUG $(inherited)";
				SWIFT_OPTIMIZATION_LEVEL = "-Onone";
			};
			name = Debug;
		};
		32630E4A2ADED57F00AF5C09 /* Release */ = {
			isa = XCBuildConfiguration;
			buildSettings = {
				ALWAYS_SEARCH_USER_PATHS = NO;
				ASSETCATALOG_COMPILER_GENERATE_SWIFT_ASSET_SYMBOL_EXTENSIONS = YES;
				CLANG_ANALYZER_NONNULL = YES;
				CLANG_ANALYZER_NUMBER_OBJECT_CONVERSION = YES_AGGRESSIVE;
				CLANG_CXX_LANGUAGE_STANDARD = "gnu++20";
				CLANG_ENABLE_MODULES = YES;
				CLANG_ENABLE_OBJC_ARC = YES;
				CLANG_ENABLE_OBJC_WEAK = YES;
				CLANG_WARN_BLOCK_CAPTURE_AUTORELEASING = YES;
				CLANG_WARN_BOOL_CONVERSION = YES;
				CLANG_WARN_COMMA = YES;
				CLANG_WARN_CONSTANT_CONVERSION = YES;
				CLANG_WARN_DEPRECATED_OBJC_IMPLEMENTATIONS = YES;
				CLANG_WARN_DIRECT_OBJC_ISA_USAGE = YES_ERROR;
				CLANG_WARN_DOCUMENTATION_COMMENTS = YES;
				CLANG_WARN_EMPTY_BODY = YES;
				CLANG_WARN_ENUM_CONVERSION = YES;
				CLANG_WARN_INFINITE_RECURSION = YES;
				CLANG_WARN_INT_CONVERSION = YES;
				CLANG_WARN_NON_LITERAL_NULL_CONVERSION = YES;
				CLANG_WARN_OBJC_IMPLICIT_RETAIN_SELF = YES;
				CLANG_WARN_OBJC_LITERAL_CONVERSION = YES;
				CLANG_WARN_OBJC_ROOT_CLASS = YES_ERROR;
				CLANG_WARN_QUOTED_INCLUDE_IN_FRAMEWORK_HEADER = YES;
				CLANG_WARN_RANGE_LOOP_ANALYSIS = YES;
				CLANG_WARN_STRICT_PROTOTYPES = YES;
				CLANG_WARN_SUSPICIOUS_MOVE = YES;
				CLANG_WARN_UNGUARDED_AVAILABILITY = YES_AGGRESSIVE;
				CLANG_WARN_UNREACHABLE_CODE = YES;
				CLANG_WARN__DUPLICATE_METHOD_MATCH = YES;
				COPY_PHASE_STRIP = NO;
				DEBUG_INFORMATION_FORMAT = "dwarf-with-dsym";
				ENABLE_NS_ASSERTIONS = NO;
				ENABLE_STRICT_OBJC_MSGSEND = YES;
				ENABLE_USER_SCRIPT_SANDBOXING = YES;
				GCC_C_LANGUAGE_STANDARD = gnu17;
				GCC_NO_COMMON_BLOCKS = YES;
				GCC_WARN_64_TO_32_BIT_CONVERSION = YES;
				GCC_WARN_ABOUT_RETURN_TYPE = YES_ERROR;
				GCC_WARN_UNDECLARED_SELECTOR = YES;
				GCC_WARN_UNINITIALIZED_AUTOS = YES_AGGRESSIVE;
				GCC_WARN_UNUSED_FUNCTION = YES;
				GCC_WARN_UNUSED_VARIABLE = YES;
				IPHONEOS_DEPLOYMENT_TARGET = 17.0;
				LOCALIZATION_PREFERS_STRING_CATALOGS = YES;
				MTL_ENABLE_DEBUG_INFO = NO;
				MTL_FAST_MATH = YES;
				SDKROOT = iphoneos;
				SWIFT_COMPILATION_MODE = wholemodule;
				VALIDATE_PRODUCT = YES;
			};
			name = Release;
		};
		32630E4C2ADED57F00AF5C09 /* Debug */ = {
			isa = XCBuildConfiguration;
			buildSettings = {
				ASSETCATALOG_COMPILER_APPICON_NAME = AppIcon;
				ASSETCATALOG_COMPILER_GLOBAL_ACCENT_COLOR_NAME = AccentColor;
				CODE_SIGN_STYLE = Automatic;
				CURRENT_PROJECT_VERSION = 1;
				DEVELOPMENT_ASSET_PATHS = "\"TheZooit/Preview Content\"";
				DEVELOPMENT_TEAM = 94B34V85AJ;
				ENABLE_PREVIEWS = YES;
				GENERATE_INFOPLIST_FILE = YES;
				INFOPLIST_FILE = TheZooit/Info.plist;
				INFOPLIST_KEY_CFBundleDisplayName = Frogress;
				INFOPLIST_KEY_UIApplicationSceneManifest_Generation = YES;
				INFOPLIST_KEY_UIApplicationSupportsIndirectInputEvents = YES;
				INFOPLIST_KEY_UILaunchScreen_Generation = YES;
				INFOPLIST_KEY_UISupportedInterfaceOrientations = "UIInterfaceOrientationPortrait UIInterfaceOrientationPortraitUpsideDown";
				INFOPLIST_KEY_UISupportedInterfaceOrientations_iPad = "UIInterfaceOrientationLandscapeLeft UIInterfaceOrientationLandscapeRight";
				LD_RUNPATH_SEARCH_PATHS = (
					"$(inherited)",
					"@executable_path/Frameworks",
				);
				MARKETING_VERSION = 1.0;
				PRODUCT_BUNDLE_IDENTIFIER = com.devacademy.TheZooit;
				PRODUCT_NAME = "$(TARGET_NAME)";
				SWIFT_EMIT_LOC_STRINGS = YES;
				SWIFT_VERSION = 5.0;
				TARGETED_DEVICE_FAMILY = "1,2";
			};
			name = Debug;
		};
		32630E4D2ADED57F00AF5C09 /* Release */ = {
			isa = XCBuildConfiguration;
			buildSettings = {
				ASSETCATALOG_COMPILER_APPICON_NAME = AppIcon;
				ASSETCATALOG_COMPILER_GLOBAL_ACCENT_COLOR_NAME = AccentColor;
				CODE_SIGN_STYLE = Automatic;
				CURRENT_PROJECT_VERSION = 1;
				DEVELOPMENT_ASSET_PATHS = "\"TheZooit/Preview Content\"";
				DEVELOPMENT_TEAM = 94B34V85AJ;
				ENABLE_PREVIEWS = YES;
				GENERATE_INFOPLIST_FILE = YES;
				INFOPLIST_FILE = TheZooit/Info.plist;
				INFOPLIST_KEY_CFBundleDisplayName = Frogress;
				INFOPLIST_KEY_UIApplicationSceneManifest_Generation = YES;
				INFOPLIST_KEY_UIApplicationSupportsIndirectInputEvents = YES;
				INFOPLIST_KEY_UILaunchScreen_Generation = YES;
				INFOPLIST_KEY_UISupportedInterfaceOrientations = "UIInterfaceOrientationPortrait UIInterfaceOrientationPortraitUpsideDown";
				INFOPLIST_KEY_UISupportedInterfaceOrientations_iPad = "UIInterfaceOrientationLandscapeLeft UIInterfaceOrientationLandscapeRight";
				LD_RUNPATH_SEARCH_PATHS = (
					"$(inherited)",
					"@executable_path/Frameworks",
				);
				MARKETING_VERSION = 1.0;
				PRODUCT_BUNDLE_IDENTIFIER = com.devacademy.TheZooit;
				PRODUCT_NAME = "$(TARGET_NAME)";
				SWIFT_EMIT_LOC_STRINGS = YES;
				SWIFT_VERSION = 5.0;
				TARGETED_DEVICE_FAMILY = "1,2";
			};
			name = Release;
		};
/* End XCBuildConfiguration section */

/* Begin XCConfigurationList section */
		32630E382ADED57E00AF5C09 /* Build configuration list for PBXProject "TheZooit" */ = {
			isa = XCConfigurationList;
			buildConfigurations = (
				32630E492ADED57F00AF5C09 /* Debug */,
				32630E4A2ADED57F00AF5C09 /* Release */,
			);
			defaultConfigurationIsVisible = 0;
			defaultConfigurationName = Release;
		};
		32630E4B2ADED57F00AF5C09 /* Build configuration list for PBXNativeTarget "TheZooit" */ = {
			isa = XCConfigurationList;
			buildConfigurations = (
				32630E4C2ADED57F00AF5C09 /* Debug */,
				32630E4D2ADED57F00AF5C09 /* Release */,
			);
			defaultConfigurationIsVisible = 0;
			defaultConfigurationName = Release;
		};
/* End XCConfigurationList section */
	};
	rootObject = 32630E352ADED57E00AF5C09 /* Project object */;
}
